
Microsoft Visual Studio Solution File, Format Version 12.00
# Visual Studio Version 17
VisualStudioVersion = 17.12.35514.174
MinimumVisualStudioVersion = 10.0.40219.1
Project("{FAE04EC0-301F-11D3-BF4B-00C04F79EFBC}") = "Order Service", "Order Management Service\Order Service.csproj", "{412BCB8D-C136-4B0E-A240-EF2A4603B37F}"
EndProject
Project("{FAE04EC0-301F-11D3-BF4B-00C04F79EFBC}") = "Users Service", "Authentication Service\Users Service.csproj", "{CE1B0E91-CF2B-4FB5-A205-86225095E5E7}"
EndProject
Global
	GlobalSection(SolutionConfigurationPlatforms) = preSolution
		Debug|Any CPU = Debug|Any CPU
		Release|Any CPU = Release|Any CPU
	EndGlobalSection
	GlobalSection(ProjectConfigurationPlatforms) = postSolution
		{412BCB8D-C136-4B0E-A240-EF2A4603B37F}.Debug|Any CPU.ActiveCfg = Debug|Any CPU
		{412BCB8D-C136-4B0E-A240-EF2A4603B37F}.Debug|Any CPU.Build.0 = Debug|Any CPU
		{412BCB8D-C136-4B0E-A240-EF2A4603B37F}.Release|Any CPU.ActiveCfg = Release|Any CPU
		{412BCB8D-C136-4B0E-A240-EF2A4603B37F}.Release|Any CPU.Build.0 = Release|Any CPU
		{CE1B0E91-CF2B-4FB5-A205-86225095E5E7}.Debug|Any CPU.ActiveCfg = Debug|Any CPU
		{CE1B0E91-CF2B-4FB5-A205-86225095E5E7}.Debug|Any CPU.Build.0 = Debug|Any CPU
		{CE1B0E91-CF2B-4FB5-A205-86225095E5E7}.Release|Any CPU.ActiveCfg = Release|Any CPU
		{CE1B0E91-CF2B-4FB5-A205-86225095E5E7}.Release|Any CPU.Build.0 = Release|Any CPU
	EndGlobalSection
	GlobalSection(SolutionProperties) = preSolution
		HideSolutionNode = FALSE
	EndGlobalSection
EndGlobal
